
Microsoft Visual Studio Solution File, Format Version 12.00
# Visual Studio Version 17
VisualStudioVersion = 17.1.32210.238
MinimumVisualStudioVersion = 10.0.40219.1
Project("{FAE04EC0-301F-11D3-BF4B-00C04F79EFBC}") = "KucnaKnjiznica3", "KucnaKnjiznica3\KucnaKnjiznica3.csproj", "{710383B2-F01D-4FE4-AE49-9F7018DE757A}"
EndProject
Global
	GlobalSection(SolutionConfigurationPlatforms) = preSolution
		Debug|Any CPU = Debug|Any CPU
		Release|Any CPU = Release|Any CPU
	EndGlobalSection
	GlobalSection(ProjectConfigurationPlatforms) = postSolution
		{710383B2-F01D-4FE4-AE49-9F7018DE757A}.Debug|Any CPU.ActiveCfg = Debug|Any CPU
		{710383B2-F01D-4FE4-AE49-9F7018DE757A}.Debug|Any CPU.Build.0 = Debug|Any CPU
		{710383B2-F01D-4FE4-AE49-9F7018DE757A}.Release|Any CPU.ActiveCfg = Release|Any CPU
		{710383B2-F01D-4FE4-AE49-9F7018DE757A}.Release|Any CPU.Build.0 = Release|Any CPU
	EndGlobalSection
	GlobalSection(SolutionProperties) = preSolution
		HideSolutionNode = FALSE
	EndGlobalSection
	GlobalSection(ExtensibilityGlobals) = postSolution
		SolutionGuid = {A068BA38-3164-43F1-A26F-81ADFD7D6900}
	EndGlobalSection
EndGlobal
