
Microsoft Visual Studio Solution File, Format Version 12.00
# Visual Studio Version 17
VisualStudioVersion = 17.1.32210.238
MinimumVisualStudioVersion = 10.0.40219.1
Project("{FAE04EC0-301F-11D3-BF4B-00C04F79EFBC}") = "Prvenstvo", "Prvenstvo\Prvenstvo.csproj", "{A8092E28-76B1-4DBE-AC96-D433861A39D4}"
EndProject
Global
	GlobalSection(SolutionConfigurationPlatforms) = preSolution
		Debug|Any CPU = Debug|Any CPU
		Release|Any CPU = Release|Any CPU
	EndGlobalSection
	GlobalSection(ProjectConfigurationPlatforms) = postSolution
		{A8092E28-76B1-4DBE-AC96-D433861A39D4}.Debug|Any CPU.ActiveCfg = Debug|Any CPU
		{A8092E28-76B1-4DBE-AC96-D433861A39D4}.Debug|Any CPU.Build.0 = Debug|Any CPU
		{A8092E28-76B1-4DBE-AC96-D433861A39D4}.Release|Any CPU.ActiveCfg = Release|Any CPU
		{A8092E28-76B1-4DBE-AC96-D433861A39D4}.Release|Any CPU.Build.0 = Release|Any CPU
	EndGlobalSection
	GlobalSection(SolutionProperties) = preSolution
		HideSolutionNode = FALSE
	EndGlobalSection
	GlobalSection(ExtensibilityGlobals) = postSolution
		SolutionGuid = {EAD05465-8C28-4703-9AEB-8A548A713240}
	EndGlobalSection
EndGlobal
