
Microsoft Visual Studio Solution File, Format Version 12.00
# Visual Studio Version 17
VisualStudioVersion = 17.1.32210.238
MinimumVisualStudioVersion = 10.0.40219.1
Project("{FAE04EC0-301F-11D3-BF4B-00C04F79EFBC}") = "Mjenjacnica", "Mijenjačnica\Mjenjacnica.csproj", "{A41551F1-B3F7-4338-B7C1-CCB0477AC4CF}"
EndProject
Global
	GlobalSection(SolutionConfigurationPlatforms) = preSolution
		Debug|Any CPU = Debug|Any CPU
		Release|Any CPU = Release|Any CPU
	EndGlobalSection
	GlobalSection(ProjectConfigurationPlatforms) = postSolution
		{A41551F1-B3F7-4338-B7C1-CCB0477AC4CF}.Debug|Any CPU.ActiveCfg = Debug|Any CPU
		{A41551F1-B3F7-4338-B7C1-CCB0477AC4CF}.Debug|Any CPU.Build.0 = Debug|Any CPU
		{A41551F1-B3F7-4338-B7C1-CCB0477AC4CF}.Release|Any CPU.ActiveCfg = Release|Any CPU
		{A41551F1-B3F7-4338-B7C1-CCB0477AC4CF}.Release|Any CPU.Build.0 = Release|Any CPU
	EndGlobalSection
	GlobalSection(SolutionProperties) = preSolution
		HideSolutionNode = FALSE
	EndGlobalSection
	GlobalSection(ExtensibilityGlobals) = postSolution
		SolutionGuid = {20926FBC-1EA2-4F2E-926D-4F1479D3185C}
	EndGlobalSection
EndGlobal
