
Microsoft Visual Studio Solution File, Format Version 12.00
# Visual Studio Version 17
VisualStudioVersion = 17.1.32210.238
MinimumVisualStudioVersion = 10.0.40219.1
Project("{FAE04EC0-301F-11D3-BF4B-00C04F79EFBC}") = "HotelskeSobe", "HotelskeSobe\HotelskeSobe.csproj", "{14BB56BD-E9D4-4E57-B6F7-27C9F63A99B2}"
EndProject
Global
	GlobalSection(SolutionConfigurationPlatforms) = preSolution
		Debug|Any CPU = Debug|Any CPU
		Release|Any CPU = Release|Any CPU
	EndGlobalSection
	GlobalSection(ProjectConfigurationPlatforms) = postSolution
		{14BB56BD-E9D4-4E57-B6F7-27C9F63A99B2}.Debug|Any CPU.ActiveCfg = Debug|Any CPU
		{14BB56BD-E9D4-4E57-B6F7-27C9F63A99B2}.Debug|Any CPU.Build.0 = Debug|Any CPU
		{14BB56BD-E9D4-4E57-B6F7-27C9F63A99B2}.Release|Any CPU.ActiveCfg = Release|Any CPU
		{14BB56BD-E9D4-4E57-B6F7-27C9F63A99B2}.Release|Any CPU.Build.0 = Release|Any CPU
	EndGlobalSection
	GlobalSection(SolutionProperties) = preSolution
		HideSolutionNode = FALSE
	EndGlobalSection
	GlobalSection(ExtensibilityGlobals) = postSolution
		SolutionGuid = {200AA088-8575-47DA-A219-23039FDA6F88}
	EndGlobalSection
EndGlobal
