
Microsoft Visual Studio Solution File, Format Version 12.00
# Visual Studio Version 17
VisualStudioVersion = 17.1.32210.238
MinimumVisualStudioVersion = 10.0.40219.1
Project("{FAE04EC0-301F-11D3-BF4B-00C04F79EFBC}") = "KucnaKnjiznica1", "KucnaKnjiznica1\KucnaKnjiznica1.csproj", "{14884B6E-7243-4E40-9DB1-A2ADC40010CB}"
EndProject
Global
	GlobalSection(SolutionConfigurationPlatforms) = preSolution
		Debug|Any CPU = Debug|Any CPU
		Release|Any CPU = Release|Any CPU
	EndGlobalSection
	GlobalSection(ProjectConfigurationPlatforms) = postSolution
		{14884B6E-7243-4E40-9DB1-A2ADC40010CB}.Debug|Any CPU.ActiveCfg = Debug|Any CPU
		{14884B6E-7243-4E40-9DB1-A2ADC40010CB}.Debug|Any CPU.Build.0 = Debug|Any CPU
		{14884B6E-7243-4E40-9DB1-A2ADC40010CB}.Release|Any CPU.ActiveCfg = Release|Any CPU
		{14884B6E-7243-4E40-9DB1-A2ADC40010CB}.Release|Any CPU.Build.0 = Release|Any CPU
	EndGlobalSection
	GlobalSection(SolutionProperties) = preSolution
		HideSolutionNode = FALSE
	EndGlobalSection
	GlobalSection(ExtensibilityGlobals) = postSolution
		SolutionGuid = {B5C89283-7A0B-4BB6-A388-90D29CBE0460}
	EndGlobalSection
EndGlobal
